lockfileVersion: '6.0'

dependencies:
  pnpm:
    specifier: ^8.6.5
    version: 8.6.5

packages:

  /pnpm@8.6.5:
    resolution: {integrity: sha512-mztfvneJl4o9gCWfQlFKio6gVYhJbFazWUVBcomJ9u/yspwScHUxMyWvxOed1a543roo+aeIjp5VQkHOoTWFAg==}
    engines: {node: '>=16.14'}
    hasBin: true
    dev: false
